dependencies:
- name: postgres
  repository: file://../postgres
  version: 0.1.0
- name: neo4j
  repository: https://helm.neo4j.com/neo4j
  version: 2026.5.0
- name: bootstrap
  repository: file://../bootstrap
  version: 0.1.0
- name: llm-service
  repository: https://rh-ai-quickstart.github.io/ai-architecture-charts
  version: 0.5.9
- name: api
  repository: file://../api
  version: 0.1.1
- name: ingestion
  repository: file://../ingestion
  version: 0.1.0
digest: sha256:8383e8049c954c856d9ce153e647e533a7d94045ba856d23d5736300146c0492
generated: "2026-08-10T13:06:38.19648-05:00"
