dependencies:
- name: postgres
  repository: file://../postgres
  version: 0.1.0
- name: neo4j
  repository: https://helm.neo4j.com/neo4j
  version: 2026.5.0
- name: bootstrap
  repository: file://../bootstrap
  version: 0.1.0
- name: llama-stack
  repository: https://rh-ai-quickstart.github.io/ai-architecture-charts
  version: 0.8.5
- name: llm-service
  repository: https://rh-ai-quickstart.github.io/ai-architecture-charts
  version: 0.5.9
- name: api
  repository: file://../api
  version: 0.1.2
- name: ingestion
  repository: file://../ingestion
  version: 0.1.0
digest: sha256:3901fc0855ef41e12afd6ff76d026f7ef23b6beb5354cee7f01a9c6ed4d87fce
generated: "2026-08-12T11:24:26.816482-05:00"
