dependencies:
- name: postgres
  repository: file://../postgres
  version: 0.1.0
- name: neo4j
  repository: https://helm.neo4j.com/neo4j
  version: 2026.5.0
- name: bootstrap
  repository: file://../bootstrap
  version: 0.1.0
- name: llama-stack
  repository: https://rh-ai-quickstart.github.io/ai-architecture-charts
  version: 0.8.5
- name: llm-service
  repository: https://rh-ai-quickstart.github.io/ai-architecture-charts
  version: 0.5.9
- name: api
  repository: file://../api
  version: 0.1.1
- name: ingestion
  repository: file://../ingestion
  version: 0.1.0
digest: sha256:5ca9843ee364ac344d564d0cab7d5bd1a8ee72d85f7163d31d48fb6196302886
generated: "2026-08-11T11:28:11.780082-05:00"
